{
  "bundle": "DeccansoftAITeam/agent-bundle",
  "version": "2.1.2",
  "commit": "f60b847bbcc4b315523330db6faa5d4a7b7dcd8c",
  "files": [
    ".agents/org/org-rules.md",
    ".agents/mcp-allowlist.yml",
    ".agents/hooks/audit_log.py",
    ".agents/hooks/scope_guard.py",
    ".github/hooks/audit.json",
    ".github/hooks/scope-guard.json",
    ".github/agents/code-reviewer.agent.md",
    ".github/agents/security-reviewer.agent.md"
  ]
}
